{
  "requires": true,
  "lockfileVersion": 1,
  "dependencies": {
    "goss_concat": {
      "version": "1.0.3",
      "resolved": "https://registry.npmjs.org/goss_concat/-/goss_concat-1.0.3.tgz",
      "integrity": "sha512-2A9uf0zu6mqxq+soVrpiReJp4K+vGUmkjgWW9GIIj9WfW0vUnviD0qfGKRw6JqiMgCfYWhTT0940N6QrfpkYug=="
    }
  }
}
